// !$*UTF8*$!
{
	archiveVersion = 1;
	classes = {
	};
	objectVersion = 46;
	objects = {

/* Begin PBXBuildFile section */
		CEE0C16717ACA1B600544AD1 /* UIKit.framework in Frameworks */ = {isa = PBXBuildFile; fileRef = CEE0C16617ACA1B600544AD1 /* UIKit.framework */; };
		CEE0C16917ACA1B600544AD1 /* Foundation.framework in Frameworks */ = {isa = PBXBuildFile; fileRef = CEE0C16817ACA1B600544AD1 /* Foundation.framework */; };
		CEE0C16B17ACA1B600544AD1 /* CoreGraphics.framework in Frameworks */ = {isa = PBXBuildFile; fileRef = CEE0C16A17ACA1B600544AD1 /* CoreGraphics.framework */; };
		CEE0C17117ACA1B600544AD1 /* InfoPlist.strings in Resources */ = {isa = PBXBuildFile; fileRef = CEE0C16F17ACA1B600544AD1 /* InfoPlist.strings */; };
		CEE0C17317ACA1B600544AD1 /* main.m in Sources */ = {isa = PBXBuildFile; fileRef = CEE0C17217ACA1B600544AD1 /* main.m */; };
		CEE0C17717ACA1B600544AD1 /* AppDelegate.m in Sources */ = {isa = PBXBuildFile; fileRef = CEE0C17617ACA1B600544AD1 /* AppDelegate.m */; };
		CEE0C17917ACA1B600544AD1 /* Default.png in Resources */ = {isa = PBXBuildFile; fileRef = CEE0C17817ACA1B600544AD1 /* Default.png */; };
		CEE0C17B17ACA1B600544AD1 /* Default@2x.png in Resources */ = {isa = PBXBuildFile; fileRef = CEE0C17A17ACA1B600544AD1 /* Default@2x.png */; };
		CEE0C17D17ACA1B700544AD1 /* Default-568h@2x.png in Resources */ = {isa = PBXBuildFile; fileRef = CEE0C17C17ACA1B700544AD1 /* Default-568h@2x.png */; };
		CEE0C18017ACA1B700544AD1 /* ViewController.m in Sources */ = {isa = PBXBuildFile; fileRef = CEE0C17F17ACA1B700544AD1 /* ViewController.m */; };
		CEE0C18317ACA1B700544AD1 /* ViewController.xib in Resources */ = {isa = PBXBuildFile; fileRef = CEE0C18117ACA1B700544AD1 /* ViewController.xib */; };
		F1B16E5817D588A50087E051 /* QuartzCore.framework in Frameworks */ = {isa = PBXBuildFile; fileRef = F1B16E5617D5889A0087E051 /* QuartzCore.framework */; };
		F1B16EC017D58E0B0087E051 /* JDDateCountdownFlipView.m in Sources */ = {isa = PBXBuildFile; fileRef = F1B16EB817D58E0B0087E051 /* JDDateCountdownFlipView.m */; };
		F1B16EC117D58E0B0087E051 /* JDFlipNumberDigitView.m in Sources */ = {isa = PBXBuildFile; fileRef = F1B16EBA17D58E0B0087E051 /* JDFlipNumberDigitView.m */; };
		F1B16EC217D58E0B0087E051 /* JDFlipNumberView.bundle in Resources */ = {isa = PBXBuildFile; fileRef = F1B16EBB17D58E0B0087E051 /* JDFlipNumberView.bundle */; };
		F1B16EC317D58E0B0087E051 /* JDFlipNumberView.m in Sources */ = {isa = PBXBuildFile; fileRef = F1B16EBD17D58E0B0087E051 /* JDFlipNumberView.m */; };
		F1B16EC417D58E0B0087E051 /* JDFlipNumberViewImageFactory.m in Sources */ = {isa = PBXBuildFile; fileRef = F1B16EBF17D58E0B0087E051 /* JDFlipNumberViewImageFactory.m */; };
/* End PBXBuildFile section */

/* Begin PBXFileReference section */
		CEE0C16317ACA1B600544AD1 /* BMO Coundown App.app */ = {isa = PBXFileReference; explicitFileType = wrapper.application; includeInIndex = 0; path = "BMO Coundown App.app"; sourceTree = BUILT_PRODUCTS_DIR; };
		CEE0C16617ACA1B600544AD1 /* UIKit.framework */ = {isa = PBXFileReference; lastKnownFileType = wrapper.framework; name = UIKit.framework; path = System/Library/Frameworks/UIKit.framework; sourceTree = SDKROOT; };
		CEE0C16817ACA1B600544AD1 /* Foundation.framework */ = {isa = PBXFileReference; lastKnownFileType = wrapper.framework; name = Foundation.framework; path = System/Library/Frameworks/Foundation.framework; sourceTree = SDKROOT; };
		CEE0C16A17ACA1B600544AD1 /* CoreGraphics.framework */ = {isa = PBXFileReference; lastKnownFileType = wrapper.framework; name = CoreGraphics.framework; path = System/Library/Frameworks/CoreGraphics.framework; sourceTree = SDKROOT; };
		CEE0C16E17ACA1B600544AD1 /* BMO Coundown App-Info.plist */ = {isa = PBXFileReference; lastKnownFileType = text.plist.xml; path = "BMO Coundown App-Info.plist"; sourceTree = "<group>"; };
		CEE0C17017ACA1B600544AD1 /* en */ = {isa = PBXFileReference; lastKnownFileType = text.plist.strings; name = en; path = en.lproj/InfoPlist.strings; sourceTree = "<group>"; };
		CEE0C17217ACA1B600544AD1 /* main.m */ = {isa = PBXFileReference; lastKnownFileType = sourcecode.c.objc; path = main.m; sourceTree = "<group>"; };
		CEE0C17417ACA1B600544AD1 /* BMO Coundown App-Prefix.pch */ = {isa = PBXFileReference; lastKnownFileType = sourcecode.c.h; path = "BMO Coundown App-Prefix.pch"; sourceTree = "<group>"; };
		CEE0C17517ACA1B600544AD1 /* AppDelegate.h */ = {isa = PBXFileReference; lastKnownFileType = sourcecode.c.h; path = AppDelegate.h; sourceTree = "<group>"; };
		CEE0C17617ACA1B600544AD1 /* AppDelegate.m */ = {isa = PBXFileReference; lastKnownFileType = sourcecode.c.objc; path = AppDelegate.m; sourceTree = "<group>"; };
		CEE0C17817ACA1B600544AD1 /* Default.png */ = {isa = PBXFileReference; lastKnownFileType = image.png; path = Default.png; sourceTree = "<group>"; };
		CEE0C17A17ACA1B600544AD1 /* Default@2x.png */ = {isa = PBXFileReference; lastKnownFileType = image.png; path = "Default@2x.png"; sourceTree = "<group>"; };
		CEE0C17C17ACA1B700544AD1 /* Default-568h@2x.png */ = {isa = PBXFileReference; lastKnownFileType = image.png; path = "Default-568h@2x.png"; sourceTree = "<group>"; };
		CEE0C17E17ACA1B700544AD1 /* ViewController.h */ = {isa = PBXFileReference; lastKnownFileType = sourcecode.c.h; path = ViewController.h; sourceTree = "<group>"; };
		CEE0C17F17ACA1B700544AD1 /* ViewController.m */ = {isa = PBXFileReference; lastKnownFileType = sourcecode.c.objc; path = ViewController.m; sourceTree = "<group>"; };
		CEE0C18217ACA1B700544AD1 /* en */ = {isa = PBXFileReference; lastKnownFileType = file.xib; name = en; path = en.lproj/ViewController.xib; sourceTree = "<group>"; };
		F1B16E5617D5889A0087E051 /* QuartzCore.framework */ = {isa = PBXFileReference; lastKnownFileType = wrapper.framework; name = QuartzCore.framework; path = System/Library/Frameworks/QuartzCore.framework; sourceTree = SDKROOT; };
		F1B16EB717D58E0B0087E051 /* JDDateCountdownFlipView.h */ = {isa = PBXFileReference; fileEncoding = 4; lastKnownFileType = sourcecode.c.h; path = JDDateCountdownFlipView.h; sourceTree = "<group>"; };
		F1B16EB817D58E0B0087E051 /* JDDateCountdownFlipView.m */ = {isa = PBXFileReference; fileEncoding = 4; lastKnownFileType = sourcecode.c.objc; path = JDDateCountdownFlipView.m; sourceTree = "<group>"; };
		F1B16EB917D58E0B0087E051 /* JDFlipNumberDigitView.h */ = {isa = PBXFileReference; fileEncoding = 4; lastKnownFileType = sourcecode.c.h; path = JDFlipNumberDigitView.h; sourceTree = "<group>"; };
		F1B16EBA17D58E0B0087E051 /* JDFlipNumberDigitView.m */ = {isa = PBXFileReference; fileEncoding = 4; lastKnownFileType = sourcecode.c.objc; path = JDFlipNumberDigitView.m; sourceTree = "<group>"; };
		F1B16EBB17D58E0B0087E051 /* JDFlipNumberView.bundle */ = {isa = PBXFileReference; lastKnownFileType = "wrapper.plug-in"; path = JDFlipNumberView.bundle; sourceTree = "<group>"; };
		F1B16EBC17D58E0B0087E051 /* JDFlipNumberView.h */ = {isa = PBXFileReference; fileEncoding = 4; lastKnownFileType = sourcecode.c.h; path = JDFlipNumberView.h; sourceTree = "<group>"; };
		F1B16EBD17D58E0B0087E051 /* JDFlipNumberView.m */ = {isa = PBXFileReference; fileEncoding = 4; lastKnownFileType = sourcecode.c.objc; path = JDFlipNumberView.m; sourceTree = "<group>"; };
		F1B16EBE17D58E0B0087E051 /* JDFlipNumberViewImageFactory.h */ = {isa = PBXFileReference; fileEncoding = 4; lastKnownFileType = sourcecode.c.h; path = JDFlipNumberViewImageFactory.h; sourceTree = "<group>"; };
		F1B16EBF17D58E0B0087E051 /* JDFlipNumberViewImageFactory.m */ = {isa = PBXFileReference; fileEncoding = 4; lastKnownFileType = sourcecode.c.objc; path = JDFlipNumberViewImageFactory.m; sourceTree = "<group>"; };
/* End PBXFileReference section */

/* Begin PBXFrameworksBuildPhase section */
		CEE0C16017ACA1B600544AD1 /* Frameworks */ = {
			isa = PBXFrameworksBuildPhase;
			buildActionMask = 2147483647;
			files = (
				F1B16E5817D588A50087E051 /* QuartzCore.framework in Frameworks */,
				CEE0C16717ACA1B600544AD1 /* UIKit.framework in Frameworks */,
				CEE0C16917ACA1B600544AD1 /* Foundation.framework in Frameworks */,
				CEE0C16B17ACA1B600544AD1 /* CoreGraphics.framework in Frameworks */,
			);
			runOnlyForDeploymentPostprocessing = 0;
		};
/* End PBXFrameworksBuildPhase section */

/* Begin PBXGroup section */
		CEE0C15A17ACA1B600544AD1 = {
			isa = PBXGroup;
			children = (
				CEE0C16C17ACA1B600544AD1 /* BMO Coundown App */,
				CEE0C16517ACA1B600544AD1 /* Frameworks */,
				CEE0C16417ACA1B600544AD1 /* Products */,
			);
			sourceTree = "<group>";
		};
		CEE0C16417ACA1B600544AD1 /* Products */ = {
			isa = PBXGroup;
			children = (
				CEE0C16317ACA1B600544AD1 /* BMO Coundown App.app */,
			);
			name = Products;
			sourceTree = "<group>";
		};
		CEE0C16517ACA1B600544AD1 /* Frameworks */ = {
			isa = PBXGroup;
			children = (
				F1B16E5617D5889A0087E051 /* QuartzCore.framework */,
				CEE0C16617ACA1B600544AD1 /* UIKit.framework */,
				CEE0C16817ACA1B600544AD1 /* Foundation.framework */,
				CEE0C16A17ACA1B600544AD1 /* CoreGraphics.framework */,
			);
			name = Frameworks;
			sourceTree = "<group>";
		};
		CEE0C16C17ACA1B600544AD1 /* BMO Coundown App */ = {
			isa = PBXGroup;
			children = (
				F1B16EB617D58E0B0087E051 /* JDFlipNumberView */,
				CEE0C17517ACA1B600544AD1 /* AppDelegate.h */,
				CEE0C17617ACA1B600544AD1 /* AppDelegate.m */,
				CEE0C17E17ACA1B700544AD1 /* ViewController.h */,
				CEE0C17F17ACA1B700544AD1 /* ViewController.m */,
				CEE0C18117ACA1B700544AD1 /* ViewController.xib */,
				CEE0C16D17ACA1B600544AD1 /* Supporting Files */,
			);
			path = "BMO Coundown App";
			sourceTree = "<group>";
		};
		CEE0C16D17ACA1B600544AD1 /* Supporting Files */ = {
			isa = PBXGroup;
			children = (
				CEE0C16E17ACA1B600544AD1 /* BMO Coundown App-Info.plist */,
				CEE0C16F17ACA1B600544AD1 /* InfoPlist.strings */,
				CEE0C17217ACA1B600544AD1 /* main.m */,
				CEE0C17417ACA1B600544AD1 /* BMO Coundown App-Prefix.pch */,
				CEE0C17817ACA1B600544AD1 /* Default.png */,
				CEE0C17A17ACA1B600544AD1 /* Default@2x.png */,
				CEE0C17C17ACA1B700544AD1 /* Default-568h@2x.png */,
			);
			name = "Supporting Files";
			sourceTree = "<group>";
		};
		F1B16EB617D58E0B0087E051 /* JDFlipNumberView */ = {
			isa = PBXGroup;
			children = (
				F1B16EB717D58E0B0087E051 /* JDDateCountdownFlipView.h */,
				F1B16EB817D58E0B0087E051 /* JDDateCountdownFlipView.m */,
				F1B16EB917D58E0B0087E051 /* JDFlipNumberDigitView.h */,
				F1B16EBA17D58E0B0087E051 /* JDFlipNumberDigitView.m */,
				F1B16EBB17D58E0B0087E051 /* JDFlipNumberView.bundle */,
				F1B16EBC17D58E0B0087E051 /* JDFlipNumberView.h */,
				F1B16EBD17D58E0B0087E051 /* JDFlipNumberView.m */,
				F1B16EBE17D58E0B0087E051 /* JDFlipNumberViewImageFactory.h */,
				F1B16EBF17D58E0B0087E051 /* JDFlipNumberViewImageFactory.m */,
			);
			name = JDFlipNumberView;
			path = ../../JDFlipNumberView/JDFlipNumberView;
			sourceTree = "<group>";
		};
/* End PBXGroup section */

/* Begin PBXNativeTarget section */
		CEE0C16217ACA1B600544AD1 /* BMO Coundown App */ = {
			isa = PBXNativeTarget;
			buildConfigurationList = CEE0C18617ACA1B700544AD1 /* Build configuration list for PBXNativeTarget "BMO Coundown App" */;
			buildPhases = (
				CEE0C15F17ACA1B600544AD1 /* Sources */,
				CEE0C16017ACA1B600544AD1 /* Frameworks */,
				CEE0C16117ACA1B600544AD1 /* Resources */,
			);
			buildRules = (
			);
			dependencies = (
			);
			name = "BMO Coundown App";
			productName = "BMO Coundown App";
			productReference = CEE0C16317ACA1B600544AD1 /* BMO Coundown App.app */;
			productType = "com.apple.product-type.application";
		};
/* End PBXNativeTarget section */

/* Begin PBXProject section */
		CEE0C15B17ACA1B600544AD1 /* Project object */ = {
			isa = PBXProject;
			attributes = {
				LastUpgradeCheck = 0460;
				ORGANIZATIONNAME = samwilks;
			};
			buildConfigurationList = CEE0C15E17ACA1B600544AD1 /* Build configuration list for PBXProject "BMO Coundown App" */;
			compatibilityVersion = "Xcode 3.2";
			developmentRegion = English;
			hasScannedForEncodings = 0;
			knownRegions = (
				en,
			);
			mainGroup = CEE0C15A17ACA1B600544AD1;
			productRefGroup = CEE0C16417ACA1B600544AD1 /* Products */;
			projectDirPath = "";
			projectRoot = "";
			targets = (
				CEE0C16217ACA1B600544AD1 /* BMO Coundown App */,
			);
		};
/* End PBXProject section */

/* Begin PBXResourcesBuildPhase section */
		CEE0C16117ACA1B600544AD1 /* Resources */ = {
			isa = PBXResourcesBuildPhase;
			buildActionMask = 2147483647;
			files = (
				CEE0C17117ACA1B600544AD1 /* InfoPlist.strings in Resources */,
				CEE0C17917ACA1B600544AD1 /* Default.png in Resources */,
				CEE0C17B17ACA1B600544AD1 /* Default@2x.png in Resources */,
				CEE0C17D17ACA1B700544AD1 /* Default-568h@2x.png in Resources */,
				CEE0C18317ACA1B700544AD1 /* ViewController.xib in Resources */,
				F1B16EC217D58E0B0087E051 /* JDFlipNumberView.bundle in Resources */,
			);
			runOnlyForDeploymentPostprocessing = 0;
		};
/* End PBXResourcesBuildPhase section */

/* Begin PBXSourcesBuildPhase section */
		CEE0C15F17ACA1B600544AD1 /* Sources */ = {
			isa = PBXSourcesBuildPhase;
			buildActionMask = 2147483647;
			files = (
				CEE0C17317ACA1B600544AD1 /* main.m in Sources */,
				CEE0C17717ACA1B600544AD1 /* AppDelegate.m in Sources */,
				CEE0C18017ACA1B700544AD1 /* ViewController.m in Sources */,
				F1B16EC017D58E0B0087E051 /* JDDateCountdownFlipView.m in Sources */,
				F1B16EC117D58E0B0087E051 /* JDFlipNumberDigitView.m in Sources */,
				F1B16EC317D58E0B0087E051 /* JDFlipNumberView.m in Sources */,
				F1B16EC417D58E0B0087E051 /* JDFlipNumberViewImageFactory.m in Sources */,
			);
			runOnlyForDeploymentPostprocessing = 0;
		};
/* End PBXSourcesBuildPhase section */

/* Begin PBXVariantGroup section */
		CEE0C16F17ACA1B600544AD1 /* InfoPlist.strings */ = {
			isa = PBXVariantGroup;
			children = (
				CEE0C17017ACA1B600544AD1 /* en */,
			);
			name = InfoPlist.strings;
			sourceTree = "<group>";
		};
		CEE0C18117ACA1B700544AD1 /* ViewController.xib */ = {
			isa = PBXVariantGroup;
			children = (
				CEE0C18217ACA1B700544AD1 /* en */,
			);
			name = ViewController.xib;
			sourceTree = "<group>";
		};
/* End PBXVariantGroup section */

/* Begin XCBuildConfiguration section */
		CEE0C18417ACA1B700544AD1 /* Debug */ = {
			isa = XCBuildConfiguration;
			buildSettings = {
				ALWAYS_SEARCH_USER_PATHS = NO;
				CLANG_CXX_LANGUAGE_STANDARD = "gnu++0x";
				CLANG_CXX_LIBRARY = "libc++";
				CLANG_ENABLE_OBJC_ARC = YES;
				CLANG_WARN_CONSTANT_CONVERSION = YES;
				CLANG_WARN_EMPTY_BODY = YES;
				CLANG_WARN_ENUM_CONVERSION = YES;
				CLANG_WARN_INT_CONVERSION = YES;
				CLANG_WARN__DUPLICATE_METHOD_MATCH = YES;
				"CODE_SIGN_IDENTITY[sdk=iphoneos*]" = "iPhone Developer";
				COPY_PHASE_STRIP = NO;
				GCC_C_LANGUAGE_STANDARD = gnu99;
				GCC_DYNAMIC_NO_PIC = NO;
				GCC_OPTIMIZATION_LEVEL = 0;
				GCC_PREPROCESSOR_DEFINITIONS = (
					"DEBUG=1",
					"$(inherited)",
				);
				GCC_SYMBOLS_PRIVATE_EXTERN = NO;
				GCC_WARN_ABOUT_RETURN_TYPE = YES;
				GCC_WARN_UNINITIALIZED_AUTOS = YES;
				GCC_WARN_UNUSED_VARIABLE = YES;
				IPHONEOS_DEPLOYMENT_TARGET = 6.1;
				ONLY_ACTIVE_ARCH = YES;
				SDKROOT = iphoneos;
			};
			name = Debug;
		};
		CEE0C18517ACA1B700544AD1 /* Release */ = {
			isa = XCBuildConfiguration;
			buildSettings = {
				ALWAYS_SEARCH_USER_PATHS = NO;
				CLANG_CXX_LANGUAGE_STANDARD = "gnu++0x";
				CLANG_CXX_LIBRARY = "libc++";
				CLANG_ENABLE_OBJC_ARC = YES;
				CLANG_WARN_CONSTANT_CONVERSION = YES;
				CLANG_WARN_EMPTY_BODY = YES;
				CLANG_WARN_ENUM_CONVERSION = YES;
				CLANG_WARN_INT_CONVERSION = YES;
				CLANG_WARN__DUPLICATE_METHOD_MATCH = YES;
				"CODE_SIGN_IDENTITY[sdk=iphoneos*]" = "iPhone Developer";
				COPY_PHASE_STRIP = YES;
				GCC_C_LANGUAGE_STANDARD = gnu99;
				GCC_WARN_ABOUT_RETURN_TYPE = YES;
				GCC_WARN_UNINITIALIZED_AUTOS = YES;
				GCC_WARN_UNUSED_VARIABLE = YES;
				IPHONEOS_DEPLOYMENT_TARGET = 6.1;
				OTHER_CFLAGS = "-DNS_BLOCK_ASSERTIONS=1";
				SDKROOT = iphoneos;
				VALIDATE_PRODUCT = YES;
			};
			name = Release;
		};
		CEE0C18717ACA1B700544AD1 /* Debug */ = {
			isa = XCBuildConfiguration;
			buildSettings = {
				GCC_PRECOMPILE_PREFIX_HEADER = YES;
				GCC_PREFIX_HEADER = "BMO Coundown App/BMO Coundown App-Prefix.pch";
				INFOPLIST_FILE = "BMO Coundown App/BMO Coundown App-Info.plist";
				PRODUCT_NAME = "$(TARGET_NAME)";
				WRAPPER_EXTENSION = app;
			};
			name = Debug;
		};
		CEE0C18817ACA1B700544AD1 /* Release */ = {
			isa = XCBuildConfiguration;
			buildSettings = {
				GCC_PRECOMPILE_PREFIX_HEADER = YES;
				GCC_PREFIX_HEADER = "BMO Coundown App/BMO Coundown App-Prefix.pch";
				INFOPLIST_FILE = "BMO Coundown App/BMO Coundown App-Info.plist";
				PRODUCT_NAME = "$(TARGET_NAME)";
				WRAPPER_EXTENSION = app;
			};
			name = Release;
		};
/* End XCBuildConfiguration section */

/* Begin XCConfigurationList section */
		CEE0C15E17ACA1B600544AD1 /* Build configuration list for PBXProject "BMO Coundown App" */ = {
			isa = XCConfigurationList;
			buildConfigurations = (
				CEE0C18417ACA1B700544AD1 /* Debug */,
				CEE0C18517ACA1B700544AD1 /* Release */,
			);
			defaultConfigurationIsVisible = 0;
			defaultConfigurationName = Release;
		};
		CEE0C18617ACA1B700544AD1 /* Build configuration list for PBXNativeTarget "BMO Coundown App" */ = {
			isa = XCConfigurationList;
			buildConfigurations = (
				CEE0C18717ACA1B700544AD1 /* Debug */,
				CEE0C18817ACA1B700544AD1 /* Release */,
			);
			defaultConfigurationIsVisible = 0;
			defaultConfigurationName = Release;
		};
/* End XCConfigurationList section */
	};
	rootObject = CEE0C15B17ACA1B600544AD1 /* Project object */;
}
